# @generated by Move, please check-in and do not edit manually.

[move]
version = 3
manifest_digest = "4B8826BAFF2676044915BA6F5926AF6C93BC1A01A0FA96E990658FA9D83A2E65"
deps_digest = "3C4103934B1E040BB6B23F1D610B4EF9F2F1166A50A104EADCF77467C004C600"
dependencies = [
  { id = "IPXCoinStandard", name = "IPXCoinStandard" },
  { id = "Sui", name = "Sui" },
]

[[move.package]]
id = "IPXCoinStandard"
source = { git = "https://github.com/interest-protocol/ipx-coin-standard.git", rev = "v1.0", subdir = "" }

dependencies = [
  { id = "Sui", name = "Sui" },
]

[[move.package]]
id = "MoveStdlib"
source = { git = "https://github.com/MystenLabs/sui.git", rev = "framework/mainnet", subdir = "crates/sui-framework/packages/move-stdlib" }

[[move.package]]
id = "Sui"
source = { git = "https://github.com/MystenLabs/sui.git", rev = "framework/mainnet", subdir = "crates/sui-framework/packages/sui-framework" }

dependencies = [
  { id = "MoveStdlib", name = "MoveStdlib" },
]

[move.toolchain-version]
compiler-version = "1.38.0"
edition = "2024.beta"
flavor = "sui"

[env]

[env.mainnet]
chain-id = "35834a8a"
original-published-id = "0xf3093adcc409ceda53b434765dda5ff1348400aaeb7cda94024063de4edba04f"
latest-published-id = "0xf3093adcc409ceda53b434765dda5ff1348400aaeb7cda94024063de4edba04f"
published-version = "1"
